// !$*UTF8*$!
{
	archiveVersion = 1;
	classes = {
	};
	objectVersion = 46;
	objects = {

/* Begin PBXBuildFile section */
		7E019E401C31F66700853B33 /* JoystickMapping in Resources */ = {isa = PBXBuildFile; fileRef = 7E019E3F1C31F66700853B33 /* JoystickMapping */; };
		7E019E421C32A48900853B33 /* JoystickHelper.swift in Sources */ = {isa = PBXBuildFile; fileRef = 7E019E411C32A48900853B33 /* JoystickHelper.swift */; };
		7E20458F1BCA78BF00A03F11 /* JoystickViewController.swift in Sources */ = {isa = PBXBuildFile; fileRef = 7E20458E1BCA78BF00A03F11 /* JoystickViewController.swift */; };
		7E2045951BCAF95A00A03F11 /* Credits.rtf in Resources */ = {isa = PBXBuildFile; fileRef = 7E2045941BCAF95A00A03F11 /* Credits.rtf */; };
		7E30F6991C32AE4D00EB7843 /* Reachability.swift in Sources */ = {isa = PBXBuildFile; fileRef = 7E30F6981C32AE4D00EB7843 /* Reachability.swift */; };
		7E36469C1C3453E6003117A5 /* JoystickReady.swift in Sources */ = {isa = PBXBuildFile; fileRef = 7E36469B1C3453E6003117A5 /* JoystickReady.swift */; };
		7E5585D71BD2CD7D0028D9FD /* ControlPadViewController.m in Sources */ = {isa = PBXBuildFile; fileRef = 7E5585D61BD2CD7D0028D9FD /* ControlPadViewController.m */; };
		7E5585DB1BD2CDF20028D9FD /* ControlPad.m in Sources */ = {isa = PBXBuildFile; fileRef = 7E5585DA1BD2CDF20028D9FD /* ControlPad.m */; };
		7E62A5711B98B9B800D8D2D5 /* InfiniteFlightAPIConnector.m in Sources */ = {isa = PBXBuildFile; fileRef = 7E62A5701B98B9B800D8D2D5 /* InfiniteFlightAPIConnector.m */; };
		7E74516F1BC9D20000FB1069 /* HTTPSecurity.swift in Sources */ = {isa = PBXBuildFile; fileRef = 7E7451691BC9D20000FB1069 /* HTTPSecurity.swift */; };
		7E7451701BC9D20000FB1069 /* Operation.swift in Sources */ = {isa = PBXBuildFile; fileRef = 7E74516A1BC9D20000FB1069 /* Operation.swift */; };
		7E7451711BC9D20000FB1069 /* Request.swift in Sources */ = {isa = PBXBuildFile; fileRef = 7E74516B1BC9D20000FB1069 /* Request.swift */; };
		7E7451721BC9D20000FB1069 /* StatusCode.swift in Sources */ = {isa = PBXBuildFile; fileRef = 7E74516C1BC9D20000FB1069 /* StatusCode.swift */; };
		7E7451731BC9D20000FB1069 /* Upload.swift in Sources */ = {isa = PBXBuildFile; fileRef = 7E74516E1BC9D20000FB1069 /* Upload.swift */; };
		7E7BA5F51B89DA5200C73DA0 /* AppDelegate.swift in Sources */ = {isa = PBXBuildFile; fileRef = 7E7BA5F41B89DA5200C73DA0 /* AppDelegate.swift */; };
		7E7BA5F71B89DA5200C73DA0 /* ViewController.swift in Sources */ = {isa = PBXBuildFile; fileRef = 7E7BA5F61B89DA5200C73DA0 /* ViewController.swift */; };
		7E7BA5F91B89DA5200C73DA0 /* Images.xcassets in Resources */ = {isa = PBXBuildFile; fileRef = 7E7BA5F81B89DA5200C73DA0 /* Images.xcassets */; };
		7E7BA61B1B8A60FC00C73DA0 /* Joystick.m in Sources */ = {isa = PBXBuildFile; fileRef = 7E7BA6141B8A60FC00C73DA0 /* Joystick.m */; };
		7E7BA61C1B8A60FC00C73DA0 /* JoystickHatswitch.m in Sources */ = {isa = PBXBuildFile; fileRef = 7E7BA6161B8A60FC00C73DA0 /* JoystickHatswitch.m */; };
		7E7BA61D1B8A60FC00C73DA0 /* JoystickManager.m in Sources */ = {isa = PBXBuildFile; fileRef = 7E7BA6191B8A60FC00C73DA0 /* JoystickManager.m */; };
		7E80A4081BC6BE5100CF70FA /* GCDAsyncUdpSocket.m in Sources */ = {isa = PBXBuildFile; fileRef = 7E80A4071BC6BE5100CF70FA /* GCDAsyncUdpSocket.m */; };
		7E80A40B1BC6C19E00CF70FA /* UDPReceiver.m in Sources */ = {isa = PBXBuildFile; fileRef = 7E80A40A1BC6C19E00CF70FA /* UDPReceiver.m */; };
		7E898E141B936AFD00208F54 /* RoundedIcon.icns in Resources */ = {isa = PBXBuildFile; fileRef = 7E898E131B936AFD00208F54 /* RoundedIcon.icns */; };
		7EBCFE251C2EA2B7002E4078 /* KeyboardListenerWindow.swift in Sources */ = {isa = PBXBuildFile; fileRef = 7EBCFE241C2EA2B7002E4078 /* KeyboardListenerWindow.swift */; };
		7EBCFE271C2EA5E8002E4078 /* KeyboardCommandsView.swift in Sources */ = {isa = PBXBuildFile; fileRef = 7EBCFE261C2EA5E8002E4078 /* KeyboardCommandsView.swift */; };
		7ED9BE211BE6B3CB00C85BD0 /* Main.storyboard in Resources */ = {isa = PBXBuildFile; fileRef = 7ED9BE201BE6B3CB00C85BD0 /* Main.storyboard */; };
/* End PBXBuildFile section */

/* Begin PBXCopyFilesBuildPhase section */
		7E0FCBEE1B957B3800403E57 /* Embed Frameworks */ = {
			isa = PBXCopyFilesBuildPhase;
			buildActionMask = 2147483647;
			dstPath = "";
			dstSubfolderSpec = 10;
			files = (
			);
			name = "Embed Frameworks";
			runOnlyForDeploymentPostprocessing = 0;
		};
		7EA3C8271C2E0D9B00B6C5AC /* CopyFiles */ = {
			isa = PBXCopyFilesBuildPhase;
			buildActionMask = 2147483647;
			dstPath = "";
			dstSubfolderSpec = 10;
			files = (
			);
			runOnlyForDeploymentPostprocessing = 0;
		};
/* End PBXCopyFilesBuildPhase section */

/* Begin PBXFileReference section */
		7E019E3F1C31F66700853B33 /* JoystickMapping */ = {isa = PBXFileReference; lastKnownFileType = folder; name = JoystickMapping; path = libs/JoystickMapping; sourceTree = "<group>"; };
		7E019E411C32A48900853B33 /* JoystickHelper.swift */ = {isa = PBXFileReference; fileEncoding = 4; lastKnownFileType = sourcecode.swift; path = JoystickHelper.swift; sourceTree = "<group>"; };
		7E20458E1BCA78BF00A03F11 /* JoystickViewController.swift */ = {isa = PBXFileReference; fileEncoding = 4; lastKnownFileType = sourcecode.swift; path = JoystickViewController.swift; sourceTree = "<group>"; };
		7E2045941BCAF95A00A03F11 /* Credits.rtf */ = {isa = PBXFileReference; fileEncoding = 4; lastKnownFileType = text.rtf; path = Credits.rtf; sourceTree = "<group>"; };
		7E30F6981C32AE4D00EB7843 /* Reachability.swift */ = {isa = PBXFileReference; fileEncoding = 4; lastKnownFileType = sourcecode.swift; name = Reachability.swift; path = libs/Reachability.swift/Reachability/Reachability.swift; sourceTree = "<group>"; };
		7E36469B1C3453E6003117A5 /* JoystickReady.swift */ = {isa = PBXFileReference; fileEncoding = 4; lastKnownFileType = sourcecode.swift; name = JoystickReady.swift; path = "View Subclasses/JoystickReady.swift"; sourceTree = "<group>"; };
		7E5585D51BD2CD7D0028D9FD /* ControlPadViewController.h */ = {isa = PBXFileReference; fileEncoding = 4; lastKnownFileType = sourcecode.c.h; path = ControlPadViewController.h; sourceTree = "<group>"; };
		7E5585D61BD2CD7D0028D9FD /* ControlPadViewController.m */ = {isa = PBXFileReference; fileEncoding = 4; lastKnownFileType = sourcecode.c.objc; path = ControlPadViewController.m; sourceTree = "<group>"; };
		7E5585D91BD2CDF20028D9FD /* ControlPad.h */ = {isa = PBXFileReference; fileEncoding = 4; lastKnownFileType = sourcecode.c.h; path = ControlPad.h; sourceTree = "<group>"; };
		7E5585DA1BD2CDF20028D9FD /* ControlPad.m */ = {isa = PBXFileReference; fileEncoding = 4; lastKnownFileType = sourcecode.c.objc; path = ControlPad.m; sourceTree = "<group>"; };
		7E62A56F1B98B9B800D8D2D5 /* InfiniteFlightAPIConnector.h */ = {isa = PBXFileReference; fileEncoding = 4; lastKnownFileType = sourcecode.c.h; path = InfiniteFlightAPIConnector.h; sourceTree = "<group>"; };
		7E62A5701B98B9B800D8D2D5 /* InfiniteFlightAPIConnector.m */ = {isa = PBXFileReference; fileEncoding = 4; lastKnownFileType = sourcecode.c.objc; path = InfiniteFlightAPIConnector.m; sourceTree = "<group>"; };
		7E7451691BC9D20000FB1069 /* HTTPSecurity.swift */ = {isa = PBXFileReference; fileEncoding = 4; lastKnownFileType = sourcecode.swift; path = HTTPSecurity.swift; sourceTree = "<group>"; };
		7E74516A1BC9D20000FB1069 /* Operation.swift */ = {isa = PBXFileReference; fileEncoding = 4; lastKnownFileType = sourcecode.swift; path = Operation.swift; sourceTree = "<group>"; };
		7E74516B1BC9D20000FB1069 /* Request.swift */ = {isa = PBXFileReference; fileEncoding = 4; lastKnownFileType = sourcecode.swift; path = Request.swift; sourceTree = "<group>"; };
		7E74516C1BC9D20000FB1069 /* StatusCode.swift */ = {isa = PBXFileReference; fileEncoding = 4; lastKnownFileType = sourcecode.swift; path = StatusCode.swift; sourceTree = "<group>"; };
		7E74516D1BC9D20000FB1069 /* SwiftHTTP.h */ = {isa = PBXFileReference; fileEncoding = 4; lastKnownFileType = sourcecode.c.h; path = SwiftHTTP.h; sourceTree = "<group>"; };
		7E74516E1BC9D20000FB1069 /* Upload.swift */ = {isa = PBXFileReference; fileEncoding = 4; lastKnownFileType = sourcecode.swift; path = Upload.swift; sourceTree = "<group>"; };
		7E7BA5EF1B89DA5200C73DA0 /* Connect.app */ = {isa = PBXFileReference; explicitFileType = wrapper.application; includeInIndex = 0; path = Connect.app; sourceTree = BUILT_PRODUCTS_DIR; };
		7E7BA5F31B89DA5200C73DA0 /* Info.plist */ = {isa = PBXFileReference; lastKnownFileType = text.plist.xml; path = Info.plist; sourceTree = "<group>"; };
		7E7BA5F41B89DA5200C73DA0 /* AppDelegate.swift */ = {isa = PBXFileReference; lastKnownFileType = sourcecode.swift; path = AppDelegate.swift; sourceTree = "<group>"; };
		7E7BA5F61B89DA5200C73DA0 /* ViewController.swift */ = {isa = PBXFileReference; lastKnownFileType = sourcecode.swift; path = ViewController.swift; sourceTree = "<group>"; };
		7E7BA5F81B89DA5200C73DA0 /* Images.xcassets */ = {isa = PBXFileReference; lastKnownFileType = folder.assetcatalog; path = Images.xcassets; sourceTree = "<group>"; };
		7E7BA6111B8A60FA00C73DA0 /* LiveFlight-Bridging-Header.h */ = {isa = PBXFileReference; lastKnownFileType = sourcecode.c.h; path = "LiveFlight-Bridging-Header.h"; sourceTree = "<group>"; };
		7E7BA6131B8A60FC00C73DA0 /* Joystick.h */ = {isa = PBXFileReference; fileEncoding = 4; lastKnownFileType = sourcecode.c.h; path = Joystick.h; sourceTree = "<group>"; };
		7E7BA6141B8A60FC00C73DA0 /* Joystick.m */ = {isa = PBXFileReference; fileEncoding = 4; lastKnownFileType = sourcecode.c.objc; path = Joystick.m; sourceTree = "<group>"; };
		7E7BA6151B8A60FC00C73DA0 /* JoystickHatswitch.h */ = {isa = PBXFileReference; fileEncoding = 4; lastKnownFileType = sourcecode.c.h; path = JoystickHatswitch.h; sourceTree = "<group>"; };
		7E7BA6161B8A60FC00C73DA0 /* JoystickHatswitch.m */ = {isa = PBXFileReference; fileEncoding = 4; lastKnownFileType = sourcecode.c.objc; path = JoystickHatswitch.m; sourceTree = "<group>"; };
		7E7BA6171B8A60FC00C73DA0 /* JoystickNotificationDelegate.h */ = {isa = PBXFileReference; fileEncoding = 4; lastKnownFileType = sourcecode.c.h; path = JoystickNotificationDelegate.h; sourceTree = "<group>"; };
		7E7BA6181B8A60FC00C73DA0 /* JoystickManager.h */ = {isa = PBXFileReference; fileEncoding = 4; lastKnownFileType = sourcecode.c.h; path = JoystickManager.h; sourceTree = "<group>"; };
		7E7BA6191B8A60FC00C73DA0 /* JoystickManager.m */ = {isa = PBXFileReference; fileEncoding = 4; lastKnownFileType = sourcecode.c.objc; path = JoystickManager.m; sourceTree = "<group>"; };
		7E80A4061BC6BE5100CF70FA /* GCDAsyncUdpSocket.h */ = {isa = PBXFileReference; fileEncoding = 4; lastKnownFileType = sourcecode.c.h; path = GCDAsyncUdpSocket.h; sourceTree = "<group>"; };
		7E80A4071BC6BE5100CF70FA /* GCDAsyncUdpSocket.m */ = {isa = PBXFileReference; fileEncoding = 4; lastKnownFileType = sourcecode.c.objc; path = GCDAsyncUdpSocket.m; sourceTree = "<group>"; };
		7E80A4091BC6C19E00CF70FA /* UDPReceiver.h */ = {isa = PBXFileReference; fileEncoding = 4; lastKnownFileType = sourcecode.c.h; path = UDPReceiver.h; sourceTree = "<group>"; };
		7E80A40A1BC6C19E00CF70FA /* UDPReceiver.m */ = {isa = PBXFileReference; fileEncoding = 4; lastKnownFileType = sourcecode.c.objc; path = UDPReceiver.m; sourceTree = "<group>"; };
		7E898E131B936AFD00208F54 /* RoundedIcon.icns */ = {isa = PBXFileReference; lastKnownFileType = image.icns; path = RoundedIcon.icns; sourceTree = "<group>"; };
		7EBCFE241C2EA2B7002E4078 /* KeyboardListenerWindow.swift */ = {isa = PBXFileReference; fileEncoding = 4; lastKnownFileType = sourcecode.swift; path = KeyboardListenerWindow.swift; sourceTree = "<group>"; };
		7EBCFE261C2EA5E8002E4078 /* KeyboardCommandsView.swift */ = {isa = PBXFileReference; fileEncoding = 4; lastKnownFileType = sourcecode.swift; path = KeyboardCommandsView.swift; sourceTree = "<group>"; };
		7ED9BE201BE6B3CB00C85BD0 /* Main.storyboard */ = {isa = PBXFileReference; fileEncoding = 4; lastKnownFileType = file.storyboard; path = Main.storyboard; sourceTree = "<group>"; };
/* End PBXFileReference section */

/* Begin PBXFrameworksBuildPhase section */
		7E7BA5EC1B89DA5200C73DA0 /* Frameworks */ = {
			isa = PBXFrameworksBuildPhase;
			buildActionMask = 2147483647;
			files = (
			);
			runOnlyForDeploymentPostprocessing = 0;
		};
/* End PBXFrameworksBuildPhase section */

/* Begin PBXGroup section */
		7E3646991C3453A6003117A5 /* View Subclasses */ = {
			isa = PBXGroup;
			children = (
				7E36469A1C3453B3003117A5 /* Status Messages */,
				7E5585DC1BD2CDF50028D9FD /* ControlPad */,
			);
			name = "View Subclasses";
			sourceTree = "<group>";
		};
		7E36469A1C3453B3003117A5 /* Status Messages */ = {
			isa = PBXGroup;
			children = (
				7E36469B1C3453E6003117A5 /* JoystickReady.swift */,
			);
			name = "Status Messages";
			sourceTree = "<group>";
		};
		7E5585D81BD2CD8F0028D9FD /* Infinite Flight Connect */ = {
			isa = PBXGroup;
			children = (
				7E62A56F1B98B9B800D8D2D5 /* InfiniteFlightAPIConnector.h */,
				7E62A5701B98B9B800D8D2D5 /* InfiniteFlightAPIConnector.m */,
				7E80A4091BC6C19E00CF70FA /* UDPReceiver.h */,
				7E80A40A1BC6C19E00CF70FA /* UDPReceiver.m */,
			);
			name = "Infinite Flight Connect";
			sourceTree = "<group>";
		};
		7E5585DC1BD2CDF50028D9FD /* ControlPad */ = {
			isa = PBXGroup;
			children = (
				7E5585D51BD2CD7D0028D9FD /* ControlPadViewController.h */,
				7E5585D61BD2CD7D0028D9FD /* ControlPadViewController.m */,
				7E5585D91BD2CDF20028D9FD /* ControlPad.h */,
				7E5585DA1BD2CDF20028D9FD /* ControlPad.m */,
			);
			name = ControlPad;
			sourceTree = "<group>";
		};
		7E7451671BC9D1E400FB1069 /* GCDAsyncUDPSocket */ = {
			isa = PBXGroup;
			children = (
				7E80A4061BC6BE5100CF70FA /* GCDAsyncUdpSocket.h */,
				7E80A4071BC6BE5100CF70FA /* GCDAsyncUdpSocket.m */,
			);
			name = GCDAsyncUDPSocket;
			path = libs/CocoaAsyncSocket/Source/GCD;
			sourceTree = "<group>";
		};
		7E7451741BC9D20600FB1069 /* SwiftHTTP */ = {
			isa = PBXGroup;
			children = (
				7E7451691BC9D20000FB1069 /* HTTPSecurity.swift */,
				7E74516A1BC9D20000FB1069 /* Operation.swift */,
				7E74516B1BC9D20000FB1069 /* Request.swift */,
				7E74516C1BC9D20000FB1069 /* StatusCode.swift */,
				7E74516D1BC9D20000FB1069 /* SwiftHTTP.h */,
				7E74516E1BC9D20000FB1069 /* Upload.swift */,
			);
			name = SwiftHTTP;
			path = libs/SwiftHTTP;
			sourceTree = "<group>";
		};
		7E7BA5E61B89DA5200C73DA0 = {
			isa = PBXGroup;
			children = (
				7E7BA5F11B89DA5200C73DA0 /* LiveFlight */,
				7E7BA5F01B89DA5200C73DA0 /* Products */,
			);
			sourceTree = "<group>";
		};
		7E7BA5F01B89DA5200C73DA0 /* Products */ = {
			isa = PBXGroup;
			children = (
				7E7BA5EF1B89DA5200C73DA0 /* Connect.app */,
			);
			name = Products;
			sourceTree = "<group>";
		};
		7E7BA5F11B89DA5200C73DA0 /* LiveFlight */ = {
			isa = PBXGroup;
			children = (
				7E7BA5F41B89DA5200C73DA0 /* AppDelegate.swift */,
				7E7BA5F61B89DA5200C73DA0 /* ViewController.swift */,
				7E20458E1BCA78BF00A03F11 /* JoystickViewController.swift */,
				7E019E411C32A48900853B33 /* JoystickHelper.swift */,
				7EBCFE241C2EA2B7002E4078 /* KeyboardListenerWindow.swift */,
				7EBCFE261C2EA5E8002E4078 /* KeyboardCommandsView.swift */,
				7E7BA5F81B89DA5200C73DA0 /* Images.xcassets */,
				7ED9BE201BE6B3CB00C85BD0 /* Main.storyboard */,
				7E3646991C3453A6003117A5 /* View Subclasses */,
				7EC762AA1C2DF315006FF9B8 /* Joystick */,
				7E5585D81BD2CD8F0028D9FD /* Infinite Flight Connect */,
				7E7BA5F21B89DA5200C73DA0 /* Supporting Files */,
				7E7BA6111B8A60FA00C73DA0 /* LiveFlight-Bridging-Header.h */,
			);
			path = LiveFlight;
			sourceTree = "<group>";
		};
		7E7BA5F21B89DA5200C73DA0 /* Supporting Files */ = {
			isa = PBXGroup;
			children = (
				7E2045941BCAF95A00A03F11 /* Credits.rtf */,
				7E019E3F1C31F66700853B33 /* JoystickMapping */,
				7E7451671BC9D1E400FB1069 /* GCDAsyncUDPSocket */,
				7E7451741BC9D20600FB1069 /* SwiftHTTP */,
				7E30F6981C32AE4D00EB7843 /* Reachability.swift */,
				7E898E131B936AFD00208F54 /* RoundedIcon.icns */,
				7E7BA5F31B89DA5200C73DA0 /* Info.plist */,
			);
			name = "Supporting Files";
			sourceTree = "<group>";
		};
		7EC762AA1C2DF315006FF9B8 /* Joystick */ = {
			isa = PBXGroup;
			children = (
				7E7BA6131B8A60FC00C73DA0 /* Joystick.h */,
				7E7BA6141B8A60FC00C73DA0 /* Joystick.m */,
				7E7BA6151B8A60FC00C73DA0 /* JoystickHatswitch.h */,
				7E7BA6161B8A60FC00C73DA0 /* JoystickHatswitch.m */,
				7E7BA6171B8A60FC00C73DA0 /* JoystickNotificationDelegate.h */,
				7E7BA6181B8A60FC00C73DA0 /* JoystickManager.h */,
				7E7BA6191B8A60FC00C73DA0 /* JoystickManager.m */,
			);
			name = Joystick;
			sourceTree = "<group>";
		};
/* End PBXGroup section */

/* Begin PBXNativeTarget section */
		7E7BA5EE1B89DA5200C73DA0 /* LiveFlight */ = {
			isa = PBXNativeTarget;
			buildConfigurationList = 7E7BA60B1B89DA5200C73DA0 /* Build configuration list for PBXNativeTarget "LiveFlight" */;
			buildPhases = (
				7E7BA5EB1B89DA5200C73DA0 /* Sources */,
				7E7BA5EC1B89DA5200C73DA0 /* Frameworks */,
				7E7BA5ED1B89DA5200C73DA0 /* Resources */,
				7E0FCBEE1B957B3800403E57 /* Embed Frameworks */,
				7EA3C8271C2E0D9B00B6C5AC /* CopyFiles */,
			);
			buildRules = (
			);
			dependencies = (
			);
			name = LiveFlight;
			productName = LiveFlight;
			productReference = 7E7BA5EF1B89DA5200C73DA0 /* Connect.app */;
			productType = "com.apple.product-type.application";
		};
/* End PBXNativeTarget section */

/* Begin PBXProject section */
		7E7BA5E71B89DA5200C73DA0 /* Project object */ = {
			isa = PBXProject;
			attributes = {
				LastSwiftMigration = 0700;
				LastSwiftUpdateCheck = 0700;
				LastUpgradeCheck = 0700;
				ORGANIZATIONNAME = "Cameron Carmichael Alonso";
				TargetAttributes = {
					7E7BA5EE1B89DA5200C73DA0 = {
						CreatedOnToolsVersion = 6.4;
						DevelopmentTeam = DR44D6XSFQ;
					};
				};
			};
			buildConfigurationList = 7E7BA5EA1B89DA5200C73DA0 /* Build configuration list for PBXProject "LiveFlight" */;
			compatibilityVersion = "Xcode 3.2";
			developmentRegion = English;
			hasScannedForEncodings = 0;
			knownRegions = (
				en,
				Base,
			);
			mainGroup = 7E7BA5E61B89DA5200C73DA0;
			productRefGroup = 7E7BA5F01B89DA5200C73DA0 /* Products */;
			projectDirPath = "";
			projectRoot = "";
			targets = (
				7E7BA5EE1B89DA5200C73DA0 /* LiveFlight */,
			);
		};
/* End PBXProject section */

/* Begin PBXResourcesBuildPhase section */
		7E7BA5ED1B89DA5200C73DA0 /* Resources */ = {
			isa = PBXResourcesBuildPhase;
			buildActionMask = 2147483647;
			files = (
				7E7BA5F91B89DA5200C73DA0 /* Images.xcassets in Resources */,
				7ED9BE211BE6B3CB00C85BD0 /* Main.storyboard in Resources */,
				7E019E401C31F66700853B33 /* JoystickMapping in Resources */,
				7E898E141B936AFD00208F54 /* RoundedIcon.icns in Resources */,
				7E2045951BCAF95A00A03F11 /* Credits.rtf in Resources */,
			);
			runOnlyForDeploymentPostprocessing = 0;
		};
/* End PBXResourcesBuildPhase section */

/* Begin PBXSourcesBuildPhase section */
		7E7BA5EB1B89DA5200C73DA0 /* Sources */ = {
			isa = PBXSourcesBuildPhase;
			buildActionMask = 2147483647;
			files = (
				7E7BA5F71B89DA5200C73DA0 /* ViewController.swift in Sources */,
				7E5585DB1BD2CDF20028D9FD /* ControlPad.m in Sources */,
				7E74516F1BC9D20000FB1069 /* HTTPSecurity.swift in Sources */,
				7EBCFE251C2EA2B7002E4078 /* KeyboardListenerWindow.swift in Sources */,
				7E80A4081BC6BE5100CF70FA /* GCDAsyncUdpSocket.m in Sources */,
				7E62A5711B98B9B800D8D2D5 /* InfiniteFlightAPIConnector.m in Sources */,
				7E80A40B1BC6C19E00CF70FA /* UDPReceiver.m in Sources */,
				7E36469C1C3453E6003117A5 /* JoystickReady.swift in Sources */,
				7EBCFE271C2EA5E8002E4078 /* KeyboardCommandsView.swift in Sources */,
				7E7BA61C1B8A60FC00C73DA0 /* JoystickHatswitch.m in Sources */,
				7E7BA61B1B8A60FC00C73DA0 /* Joystick.m in Sources */,
				7E7BA61D1B8A60FC00C73DA0 /* JoystickManager.m in Sources */,
				7E5585D71BD2CD7D0028D9FD /* ControlPadViewController.m in Sources */,
				7E7451701BC9D20000FB1069 /* Operation.swift in Sources */,
				7E7451721BC9D20000FB1069 /* StatusCode.swift in Sources */,
				7E019E421C32A48900853B33 /* JoystickHelper.swift in Sources */,
				7E7451731BC9D20000FB1069 /* Upload.swift in Sources */,
				7E7451711BC9D20000FB1069 /* Request.swift in Sources */,
				7E7BA5F51B89DA5200C73DA0 /* AppDelegate.swift in Sources */,
				7E30F6991C32AE4D00EB7843 /* Reachability.swift in Sources */,
				7E20458F1BCA78BF00A03F11 /* JoystickViewController.swift in Sources */,
			);
			runOnlyForDeploymentPostprocessing = 0;
		};
/* End PBXSourcesBuildPhase section */

/* Begin XCBuildConfiguration section */
		7E7BA6091B89DA5200C73DA0 /* Debug */ = {
			isa = XCBuildConfiguration;
			buildSettings = {
				ALWAYS_SEARCH_USER_PATHS = NO;
				CLANG_CXX_LANGUAGE_STANDARD = "gnu++0x";
				CLANG_CXX_LIBRARY = "libc++";
				CLANG_ENABLE_MODULES = YES;
				CLANG_ENABLE_OBJC_ARC = YES;
				CLANG_WARN_BOOL_CONVERSION = YES;
				CLANG_WARN_CONSTANT_CONVERSION = YES;
				CLANG_WARN_DIRECT_OBJC_ISA_USAGE = YES_ERROR;
				CLANG_WARN_EMPTY_BODY = YES;
				CLANG_WARN_ENUM_CONVERSION = YES;
				CLANG_WARN_INT_CONVERSION = YES;
				CLANG_WARN_OBJC_ROOT_CLASS = YES_ERROR;
				CLANG_WARN_UNREACHABLE_CODE = YES;
				CLANG_WARN__DUPLICATE_METHOD_MATCH = YES;
				CODE_SIGN_IDENTITY = "-";
				COPY_PHASE_STRIP = NO;
				DEBUG_INFORMATION_FORMAT = dwarf;
				ENABLE_STRICT_OBJC_MSGSEND = YES;
				ENABLE_TESTABILITY = YES;
				GCC_C_LANGUAGE_STANDARD = gnu99;
				GCC_DYNAMIC_NO_PIC = NO;
				GCC_NO_COMMON_BLOCKS = YES;
				GCC_OPTIMIZATION_LEVEL = 0;
				GCC_PREPROCESSOR_DEFINITIONS = (
					"DEBUG=1",
					"$(inherited)",
				);
				GCC_SYMBOLS_PRIVATE_EXTERN = NO;
				GCC_WARN_64_TO_32_BIT_CONVERSION = YES;
				GCC_WARN_ABOUT_RETURN_TYPE = YES_ERROR;
				GCC_WARN_UNDECLARED_SELECTOR = YES;
				GCC_WARN_UNINITIALIZED_AUTOS = YES_AGGRESSIVE;
				GCC_WARN_UNUSED_FUNCTION = YES;
				GCC_WARN_UNUSED_VARIABLE = YES;
				MACOSX_DEPLOYMENT_TARGET = 10.10;
				MTL_ENABLE_DEBUG_INFO = YES;
				ONLY_ACTIVE_ARCH = YES;
				SDKROOT = macosx;
				SWIFT_OPTIMIZATION_LEVEL = "-Onone";
			};
			name = Debug;
		};
		7E7BA60A1B89DA5200C73DA0 /* Release */ = {
			isa = XCBuildConfiguration;
			buildSettings = {
				ALWAYS_SEARCH_USER_PATHS = NO;
				CLANG_CXX_LANGUAGE_STANDARD = "gnu++0x";
				CLANG_CXX_LIBRARY = "libc++";
				CLANG_ENABLE_MODULES = YES;
				CLANG_ENABLE_OBJC_ARC = YES;
				CLANG_WARN_BOOL_CONVERSION = YES;
				CLANG_WARN_CONSTANT_CONVERSION = YES;
				CLANG_WARN_DIRECT_OBJC_ISA_USAGE = YES_ERROR;
				CLANG_WARN_EMPTY_BODY = YES;
				CLANG_WARN_ENUM_CONVERSION = YES;
				CLANG_WARN_INT_CONVERSION = YES;
				CLANG_WARN_OBJC_ROOT_CLASS = YES_ERROR;
				CLANG_WARN_UNREACHABLE_CODE = YES;
				CLANG_WARN__DUPLICATE_METHOD_MATCH = YES;
				CODE_SIGN_IDENTITY = "-";
				COPY_PHASE_STRIP = NO;
				DEBUG_INFORMATION_FORMAT = "dwarf-with-dsym";
				ENABLE_NS_ASSERTIONS = NO;
				ENABLE_STRICT_OBJC_MSGSEND = YES;
				GCC_C_LANGUAGE_STANDARD = gnu99;
				GCC_NO_COMMON_BLOCKS = YES;
				GCC_WARN_64_TO_32_BIT_CONVERSION = YES;
				GCC_WARN_ABOUT_RETURN_TYPE = YES_ERROR;
				GCC_WARN_UNDECLARED_SELECTOR = YES;
				GCC_WARN_UNINITIALIZED_AUTOS = YES_AGGRESSIVE;
				GCC_WARN_UNUSED_FUNCTION = YES;
				GCC_WARN_UNUSED_VARIABLE = YES;
				MACOSX_DEPLOYMENT_TARGET = 10.10;
				MTL_ENABLE_DEBUG_INFO = NO;
				SDKROOT = macosx;
			};
			name = Release;
		};
		7E7BA60C1B89DA5200C73DA0 /* Debug */ = {
			isa = XCBuildConfiguration;
			buildSettings = {
				CLANG_ENABLE_MODULES = YES;
				CODE_SIGN_IDENTITY = "Developer ID Application";
				COMBINE_HIDPI_IMAGES = YES;
				FRAMEWORK_SEARCH_PATHS = (
					"$(inherited)",
					"$(PROJECT_DIR)",
					"$(PROJECT_DIR)/LiveFlight",
					"$(PROJECT_DIR)/LiveFlight/DevMateKit.framework/Frameworks/**",
				);
				INFOPLIST_FILE = LiveFlight/Info.plist;
				LD_RUNPATH_SEARCH_PATHS = "$(inherited) @executable_path/../Frameworks";
				MACOSX_DEPLOYMENT_TARGET = 10.10;
				PRODUCT_BUNDLE_IDENTIFIER = com.liveflight.connect.mac;
				PRODUCT_NAME = Connect;
				SWIFT_OBJC_BRIDGING_HEADER = "LiveFlight/LiveFlight-Bridging-Header.h";
				SWIFT_OPTIMIZATION_LEVEL = "-Onone";
			};
			name = Debug;
		};
		7E7BA60D1B89DA5200C73DA0 /* Release */ = {
			isa = XCBuildConfiguration;
			buildSettings = {
				CLANG_ENABLE_MODULES = YES;
				CODE_SIGN_IDENTITY = "Developer ID Application";
				COMBINE_HIDPI_IMAGES = YES;
				FRAMEWORK_SEARCH_PATHS = (
					"$(inherited)",
					"$(PROJECT_DIR)",
					"$(PROJECT_DIR)/LiveFlight",
					"$(PROJECT_DIR)/LiveFlight/DevMateKit.framework/Frameworks/**",
				);
				INFOPLIST_FILE = LiveFlight/Info.plist;
				LD_RUNPATH_SEARCH_PATHS = "$(inherited) @executable_path/../Frameworks";
				MACOSX_DEPLOYMENT_TARGET = 10.10;
				PRODUCT_BUNDLE_IDENTIFIER = com.liveflight.connect.mac;
				PRODUCT_NAME = Connect;
				SWIFT_OBJC_BRIDGING_HEADER = "LiveFlight/LiveFlight-Bridging-Header.h";
			};
			name = Release;
		};
/* End XCBuildConfiguration section */

/* Begin XCConfigurationList section */
		7E7BA5EA1B89DA5200C73DA0 /* Build configuration list for PBXProject "LiveFlight" */ = {
			isa = XCConfigurationList;
			buildConfigurations = (
				7E7BA6091B89DA5200C73DA0 /* Debug */,
				7E7BA60A1B89DA5200C73DA0 /* Release */,
			);
			defaultConfigurationIsVisible = 0;
			defaultConfigurationName = Release;
		};
		7E7BA60B1B89DA5200C73DA0 /* Build configuration list for PBXNativeTarget "LiveFlight" */ = {
			isa = XCConfigurationList;
			buildConfigurations = (
				7E7BA60C1B89DA5200C73DA0 /* Debug */,
				7E7BA60D1B89DA5200C73DA0 /* Release */,
			);
			defaultConfigurationIsVisible = 0;
			defaultConfigurationName = Release;
		};
/* End XCConfigurationList section */
	};
	rootObject = 7E7BA5E71B89DA5200C73DA0 /* Project object */;
}
